
Microsoft Visual Studio Solution File, Format Version 12.00
# Visual Studio Version 17
VisualStudioVersion = 17.3.32819.101
MinimumVisualStudioVersion = 10.0.40219.1
Project("{FAE04EC0-301F-11D3-BF4B-00C04F79EFBC}") = "Embodied-Calculator", "Embodied-Calculator\Embodied-Calculator.csproj", "{38AA779C-6E22-4F5A-876C-CD4731A1839B}"
EndProject
Global
	GlobalSection(SolutionConfigurationPlatforms) = preSolution
		Debug|Any CPU = Debug|Any CPU
		Release|Any CPU = Release|Any CPU
	EndGlobalSection
	GlobalSection(ProjectConfigurationPlatforms) = postSolution
		{38AA779C-6E22-4F5A-876C-CD4731A1839B}.Debug|Any CPU.ActiveCfg = Debug|Any CPU
		{38AA779C-6E22-4F5A-876C-CD4731A1839B}.Debug|Any CPU.Build.0 = Debug|Any CPU
		{38AA779C-6E22-4F5A-876C-CD4731A1839B}.Release|Any CPU.ActiveCfg = Release|Any CPU
		{38AA779C-6E22-4F5A-876C-CD4731A1839B}.Release|Any CPU.Build.0 = Release|Any CPU
	EndGlobalSection
	GlobalSection(SolutionProperties) = preSolution
		HideSolutionNode = FALSE
	EndGlobalSection
	GlobalSection(ExtensibilityGlobals) = postSolution
		SolutionGuid = {F68AF441-717F-4E6C-8907-361AA47E6C73}
	EndGlobalSection
EndGlobal
